// !$*UTF8*$!
{
	archiveVersion = 1;
	classes = {
	};
	objectVersion = 51;
	objects = {

/* Begin PBXBuildFile section */
		343E50FF25FE6FB400354287 /* UIHelper.swift in Sources */ = {isa = PBXBuildFile; fileRef = 343E50FE25FE6FB400354287 /* UIHelper.swift */; };
		34669B8C2521145B007C6AC2 /* AppDelegate.swift in Sources */ = {isa = PBXBuildFile; fileRef = 34669B8B2521145B007C6AC2 /* AppDelegate.swift */; };
		34669B8E2521145B007C6AC2 /* SceneDelegate.swift in Sources */ = {isa = PBXBuildFile; fileRef = 34669B8D2521145B007C6AC2 /* SceneDelegate.swift */; };
		34669B902521145B007C6AC2 /* ViewController.swift in Sources */ = {isa = PBXBuildFile; fileRef = 34669B8F2521145B007C6AC2 /* ViewController.swift */; };
		34669B932521145B007C6AC2 /* Main.storyboard in Resources */ = {isa = PBXBuildFile; fileRef = 34669B912521145B007C6AC2 /* Main.storyboard */; };
		34669B952521145D007C6AC2 /* Assets.xcassets in Resources */ = {isa = PBXBuildFile; fileRef = 34669B942521145D007C6AC2 /* Assets.xcassets */; };
		34669B982521145D007C6AC2 /* LaunchScreen.storyboard in Resources */ = {isa = PBXBuildFile; fileRef = 34669B962521145D007C6AC2 /* LaunchScreen.storyboard */; };
		346AD8FC2524E0D0005F3E3E /* GeniusHelper.swift in Sources */ = {isa = PBXBuildFile; fileRef = 346AD8FB2524E0D0005F3E3E /* GeniusHelper.swift */; };
		346AD8FF2524F0DE005F3E3E /* GeniusResponse.swift in Sources */ = {isa = PBXBuildFile; fileRef = 346AD8FE2524F0DE005F3E3E /* GeniusResponse.swift */; };
		346AD9022524F119005F3E3E /* GeniusHit.swift in Sources */ = {isa = PBXBuildFile; fileRef = 346AD9012524F119005F3E3E /* GeniusHit.swift */; };
		346AF72F25225CCB00FE81AA /* Constants.swift in Sources */ = {isa = PBXBuildFile; fileRef = 346AF72E25225CCB00FE81AA /* Constants.swift */; };
		346AF7352522682400FE81AA /* LoginViewController.swift in Sources */ = {isa = PBXBuildFile; fileRef = 346AF7342522682300FE81AA /* LoginViewController.swift */; };
		346FEED9252393BE00B36662 /* SpotifyHelper.swift in Sources */ = {isa = PBXBuildFile; fileRef = 346FEED8252393BE00B36662 /* SpotifyHelper.swift */; };
		346FEEDC2523953F00B36662 /* SpotifySong.swift in Sources */ = {isa = PBXBuildFile; fileRef = 346FEEDB2523953F00B36662 /* SpotifySong.swift */; };
		346FEEDE252395F100B36662 /* SpotifyAlbum.swift in Sources */ = {isa = PBXBuildFile; fileRef = 346FEEDD252395F100B36662 /* SpotifyAlbum.swift */; };
		346FEEE02523967500B36662 /* SpotifyArtist.swift in Sources */ = {isa = PBXBuildFile; fileRef = 346FEEDF2523967500B36662 /* SpotifyArtist.swift */; };
		34F846292523A78B009986AE /* SpotifyThread.swift in Sources */ = {isa = PBXBuildFile; fileRef = 34F846282523A78B009986AE /* SpotifyThread.swift */; };
		34F8462E2523C5F2009986AE /* Localizable.strings in Resources */ = {isa = PBXBuildFile; fileRef = 34F846302523C5F2009986AE /* Localizable.strings */; };
		3C99BDE0FB8A93BCCAE20C98 /* Pods_lyrics_app_ios.framework in Frameworks */ = {isa = PBXBuildFile; fileRef = 26F8EC5516A3492C287AF784 /* Pods_lyrics_app_ios.framework */; };
/* End PBXBuildFile section */

/* Begin PBXFileReference section */
		26F8EC5516A3492C287AF784 /* Pods_lyrics_app_ios.framework */ = {isa = PBXFileReference; explicitFileType = wrapper.framework; includeInIndex = 0; path = Pods_lyrics_app_ios.framework; sourceTree = BUILT_PRODUCTS_DIR; };
		343E50FE25FE6FB400354287 /* UIHelper.swift */ = {isa = PBXFileReference; lastKnownFileType = sourcecode.swift; path = UIHelper.swift; sourceTree = "<group>"; };
		34669B882521145B007C6AC2 /* lyrics_app.app */ = {isa = PBXFileReference; explicitFileType = wrapper.application; includeInIndex = 0; path = lyrics_app.app; sourceTree = BUILT_PRODUCTS_DIR; };
		34669B8B2521145B007C6AC2 /* AppDelegate.swift */ = {isa = PBXFileReference; lastKnownFileType = sourcecode.swift; path = AppDelegate.swift; sourceTree = "<group>"; };
		34669B8D2521145B007C6AC2 /* SceneDelegate.swift */ = {isa = PBXFileReference; lastKnownFileType = sourcecode.swift; path = SceneDelegate.swift; sourceTree = "<group>"; };
		34669B8F2521145B007C6AC2 /* ViewController.swift */ = {isa = PBXFileReference; lastKnownFileType = sourcecode.swift; path = ViewController.swift; sourceTree = "<group>"; };
		34669B922521145B007C6AC2 /* Base */ = {isa = PBXFileReference; lastKnownFileType = file.storyboard; name = Base; path = Base.lproj/Main.storyboard; sourceTree = "<group>"; };
		34669B942521145D007C6AC2 /* Assets.xcassets */ = {isa = PBXFileReference; lastKnownFileType = folder.assetcatalog; path = Assets.xcassets; sourceTree = "<group>"; };
		34669B972521145D007C6AC2 /* Base */ = {isa = PBXFileReference; lastKnownFileType = file.storyboard; name = Base; path = Base.lproj/LaunchScreen.storyboard; sourceTree = "<group>"; };
		34669B992521145D007C6AC2 /* Info.plist */ = {isa = PBXFileReference; lastKnownFileType = text.plist.xml; path = Info.plist; sourceTree = "<group>"; };
		346AD8FB2524E0D0005F3E3E /* GeniusHelper.swift */ = {isa = PBXFileReference; lastKnownFileType = sourcecode.swift; path = GeniusHelper.swift; sourceTree = "<group>"; };
		346AD8FE2524F0DE005F3E3E /* GeniusResponse.swift */ = {isa = PBXFileReference; lastKnownFileType = sourcecode.swift; path = GeniusResponse.swift; sourceTree = "<group>"; };
		346AD9012524F119005F3E3E /* GeniusHit.swift */ = {isa = PBXFileReference; lastKnownFileType = sourcecode.swift; path = GeniusHit.swift; sourceTree = "<group>"; };
		346AF72E25225CCB00FE81AA /* Constants.swift */ = {isa = PBXFileReference; lastKnownFileType = sourcecode.swift; path = Constants.swift; sourceTree = "<group>"; };
		346AF7342522682300FE81AA /* LoginViewController.swift */ = {isa = PBXFileReference; lastKnownFileType = sourcecode.swift; path = LoginViewController.swift; sourceTree = "<group>"; };
		346FEED8252393BE00B36662 /* SpotifyHelper.swift */ = {isa = PBXFileReference; lastKnownFileType = sourcecode.swift; path = SpotifyHelper.swift; sourceTree = "<group>"; };
		346FEEDB2523953F00B36662 /* SpotifySong.swift */ = {isa = PBXFileReference; lastKnownFileType = sourcecode.swift; path = SpotifySong.swift; sourceTree = "<group>"; };
		346FEEDD252395F100B36662 /* SpotifyAlbum.swift */ = {isa = PBXFileReference; lastKnownFileType = sourcecode.swift; path = SpotifyAlbum.swift; sourceTree = "<group>"; };
		346FEEDF2523967500B36662 /* SpotifyArtist.swift */ = {isa = PBXFileReference; lastKnownFileType = sourcecode.swift; path = SpotifyArtist.swift; sourceTree = "<group>"; };
		34F846282523A78B009986AE /* SpotifyThread.swift */ = {isa = PBXFileReference; lastKnownFileType = sourcecode.swift; path = SpotifyThread.swift; sourceTree = "<group>"; };
		34F8462F2523C5F2009986AE /* en */ = {isa = PBXFileReference; lastKnownFileType = text.plist.strings; name = en; path = en.lproj/Localizable.strings; sourceTree = "<group>"; };
		47C1A68DCB06CA204662CBDD /* Pods-lyrics_app_ios.release.xcconfig */ = {isa = PBXFileReference; includeInIndex = 1; lastKnownFileType = text.xcconfig; name = "Pods-lyrics_app_ios.release.xcconfig"; path = "Target Support Files/Pods-lyrics_app_ios/Pods-lyrics_app_ios.release.xcconfig"; sourceTree = "<group>"; };
		6AFB88A4C80C26EAB8D94849 /* Pods-lyrics_app_ios.debug.xcconfig */ = {isa = PBXFileReference; includeInIndex = 1; lastKnownFileType = text.xcconfig; name = "Pods-lyrics_app_ios.debug.xcconfig"; path = "Target Support Files/Pods-lyrics_app_ios/Pods-lyrics_app_ios.debug.xcconfig"; sourceTree = "<group>"; };
/* End PBXFileReference section */

/* Begin PBXFrameworksBuildPhase section */
		34669B852521145B007C6AC2 /* Frameworks */ = {
			isa = PBXFrameworksBuildPhase;
			buildActionMask = 2147483647;
			files = (
				3C99BDE0FB8A93BCCAE20C98 /* Pods_lyrics_app_ios.framework in Frameworks */,
			);
			runOnlyForDeploymentPostprocessing = 0;
		};
/* End PBXFrameworksBuildPhase section */

/* Begin PBXGroup section */
		0C397AC1C055ECD6C88A49E2 /* Frameworks */ = {
			isa = PBXGroup;
			children = (
				26F8EC5516A3492C287AF784 /* Pods_lyrics_app_ios.framework */,
			);
			name = Frameworks;
			sourceTree = "<group>";
		};
		34669B7F2521145B007C6AC2 = {
			isa = PBXGroup;
			children = (
				34669B8A2521145B007C6AC2 /* lyrics_app_ios */,
				34669B892521145B007C6AC2 /* Products */,
				D90297620956089485AA5BA8 /* Pods */,
				0C397AC1C055ECD6C88A49E2 /* Frameworks */,
			);
			sourceTree = "<group>";
		};
		34669B892521145B007C6AC2 /* Products */ = {
			isa = PBXGroup;
			children = (
				34669B882521145B007C6AC2 /* lyrics_app.app */,
			);
			name = Products;
			sourceTree = "<group>";
		};
		34669B8A2521145B007C6AC2 /* lyrics_app_ios */ = {
			isa = PBXGroup;
			children = (
				346FEEDA2523953200B36662 /* Model */,
				346AF72D25225CBA00FE81AA /* Helper */,
				34669B8B2521145B007C6AC2 /* AppDelegate.swift */,
				34669B8D2521145B007C6AC2 /* SceneDelegate.swift */,
				34669B8F2521145B007C6AC2 /* ViewController.swift */,
				34669B912521145B007C6AC2 /* Main.storyboard */,
				34F846302523C5F2009986AE /* Localizable.strings */,
				34669B942521145D007C6AC2 /* Assets.xcassets */,
				34669B962521145D007C6AC2 /* LaunchScreen.storyboard */,
				34669B992521145D007C6AC2 /* Info.plist */,
				346AF7342522682300FE81AA /* LoginViewController.swift */,
			);
			path = lyrics_app_ios;
			sourceTree = "<group>";
		};
		346AF72D25225CBA00FE81AA /* Helper */ = {
			isa = PBXGroup;
			children = (
				346AF72E25225CCB00FE81AA /* Constants.swift */,
				346FEED8252393BE00B36662 /* SpotifyHelper.swift */,
				34F846282523A78B009986AE /* SpotifyThread.swift */,
				346AD8FB2524E0D0005F3E3E /* GeniusHelper.swift */,
				343E50FE25FE6FB400354287 /* UIHelper.swift */,
			);
			path = Helper;
			sourceTree = "<group>";
		};
		346FEEDA2523953200B36662 /* Model */ = {
			isa = PBXGroup;
			children = (
				346FEEDB2523953F00B36662 /* SpotifySong.swift */,
				346FEEDD252395F100B36662 /* SpotifyAlbum.swift */,
				346FEEDF2523967500B36662 /* SpotifyArtist.swift */,
				346AD8FE2524F0DE005F3E3E /* GeniusResponse.swift */,
				346AD9012524F119005F3E3E /* GeniusHit.swift */,
			);
			path = Model;
			sourceTree = "<group>";
		};
		D90297620956089485AA5BA8 /* Pods */ = {
			isa = PBXGroup;
			children = (
				6AFB88A4C80C26EAB8D94849 /* Pods-lyrics_app_ios.debug.xcconfig */,
				47C1A68DCB06CA204662CBDD /* Pods-lyrics_app_ios.release.xcconfig */,
			);
			path = Pods;
			sourceTree = "<group>";
		};
/* End PBXGroup section */

/* Begin PBXNativeTarget section */
		34669B872521145B007C6AC2 /* lyrics_app_ios */ = {
			isa = PBXNativeTarget;
			buildConfigurationList = 34669B9C2521145D007C6AC2 /* Build configuration list for PBXNativeTarget "lyrics_app_ios" */;
			buildPhases = (
				966B44ABFA0FFF9A873556D5 /* [CP] Check Pods Manifest.lock */,
				34669B842521145B007C6AC2 /* Sources */,
				34669B852521145B007C6AC2 /* Frameworks */,
				34669B862521145B007C6AC2 /* Resources */,
				95BB5878AEA2FB2E45F6978A /* [CP] Embed Pods Frameworks */,
			);
			buildRules = (
			);
			dependencies = (
			);
			name = lyrics_app_ios;
			productName = lyrics_app_ios;
			productReference = 34669B882521145B007C6AC2 /* lyrics_app.app */;
			productType = "com.apple.product-type.application";
		};
/* End PBXNativeTarget section */

/* Begin PBXProject section */
		34669B802521145B007C6AC2 /* Project object */ = {
			isa = PBXProject;
			attributes = {
				LastSwiftUpdateCheck = 1170;
				LastUpgradeCheck = 1170;
				ORGANIZATIONNAME = Maxlisui;
				TargetAttributes = {
					34669B872521145B007C6AC2 = {
						CreatedOnToolsVersion = 11.7;
					};
				};
			};
			buildConfigurationList = 34669B832521145B007C6AC2 /* Build configuration list for PBXProject "lyrics_app_ios" */;
			compatibilityVersion = "Xcode 9.3";
			developmentRegion = en;
			hasScannedForEncodings = 0;
			knownRegions = (
				en,
				Base,
			);
			mainGroup = 34669B7F2521145B007C6AC2;
			productRefGroup = 34669B892521145B007C6AC2 /* Products */;
			projectDirPath = "";
			projectRoot = "";
			targets = (
				34669B872521145B007C6AC2 /* lyrics_app_ios */,
			);
		};
/* End PBXProject section */

/* Begin PBXResourcesBuildPhase section */
		34669B862521145B007C6AC2 /* Resources */ = {
			isa = PBXResourcesBuildPhase;
			buildActionMask = 2147483647;
			files = (
				34669B982521145D007C6AC2 /* LaunchScreen.storyboard in Resources */,
				34F8462E2523C5F2009986AE /* Localizable.strings in Resources */,
				34669B952521145D007C6AC2 /* Assets.xcassets in Resources */,
				34669B932521145B007C6AC2 /* Main.storyboard in Resources */,
			);
			runOnlyForDeploymentPostprocessing = 0;
		};
/* End PBXResourcesBuildPhase section */

/* Begin PBXShellScriptBuildPhase section */
		95BB5878AEA2FB2E45F6978A /* [CP] Embed Pods Frameworks */ = {
			isa = PBXShellScriptBuildPhase;
			buildActionMask = 2147483647;
			files = (
			);
			inputFileListPaths = (
				"${PODS_ROOT}/Target Support Files/Pods-lyrics_app_ios/Pods-lyrics_app_ios-frameworks-${CONFIGURATION}-input-files.xcfilelist",
			);
			name = "[CP] Embed Pods Frameworks";
			outputFileListPaths = (
				"${PODS_ROOT}/Target Support Files/Pods-lyrics_app_ios/Pods-lyrics_app_ios-frameworks-${CONFIGURATION}-output-files.xcfilelist",
			);
			runOnlyForDeploymentPostprocessing = 0;
			shellPath = /bin/sh;
			shellScript = "\"${PODS_ROOT}/Target Support Files/Pods-lyrics_app_ios/Pods-lyrics_app_ios-frameworks.sh\"\n";
			showEnvVarsInLog = 0;
		};
		966B44ABFA0FFF9A873556D5 /* [CP] Check Pods Manifest.lock */ = {
			isa = PBXShellScriptBuildPhase;
			buildActionMask = 2147483647;
			files = (
			);
			inputFileListPaths = (
			);
			inputPaths = (
				"${PODS_PODFILE_DIR_PATH}/Podfile.lock",
				"${PODS_ROOT}/Manifest.lock",
			);
			name = "[CP] Check Pods Manifest.lock";
			outputFileListPaths = (
			);
			outputPaths = (
				"$(DERIVED_FILE_DIR)/Pods-lyrics_app_ios-checkManifestLockResult.txt",
			);
			runOnlyForDeploymentPostprocessing = 0;
			shellPath = /bin/sh;
			shellScript = "diff \"${PODS_PODFILE_DIR_PATH}/Podfile.lock\" \"${PODS_ROOT}/Manifest.lock\" > /dev/null\nif [ $? != 0 ] ; then\n    # print error to STDERR\n    echo \"error: The sandbox is not in sync with the Podfile.lock. Run 'pod install' or update your CocoaPods installation.\" >&2\n    exit 1\nfi\n# This output is used by Xcode 'outputs' to avoid re-running this script phase.\necho \"SUCCESS\" > \"${SCRIPT_OUTPUT_FILE_0}\"\n";
			showEnvVarsInLog = 0;
		};
/* End PBXShellScriptBuildPhase section */

/* Begin PBXSourcesBuildPhase section */
		34669B842521145B007C6AC2 /* Sources */ = {
			isa = PBXSourcesBuildPhase;
			buildActionMask = 2147483647;
			files = (
				346AF7352522682400FE81AA /* LoginViewController.swift in Sources */,
				34669B902521145B007C6AC2 /* ViewController.swift in Sources */,
				34F846292523A78B009986AE /* SpotifyThread.swift in Sources */,
				34669B8C2521145B007C6AC2 /* AppDelegate.swift in Sources */,
				346FEEE02523967500B36662 /* SpotifyArtist.swift in Sources */,
				34669B8E2521145B007C6AC2 /* SceneDelegate.swift in Sources */,
				346AD8FC2524E0D0005F3E3E /* GeniusHelper.swift in Sources */,
				346FEEDE252395F100B36662 /* SpotifyAlbum.swift in Sources */,
				346FEEDC2523953F00B36662 /* SpotifySong.swift in Sources */,
				346AD8FF2524F0DE005F3E3E /* GeniusResponse.swift in Sources */,
				346FEED9252393BE00B36662 /* SpotifyHelper.swift in Sources */,
				346AD9022524F119005F3E3E /* GeniusHit.swift in Sources */,
				346AF72F25225CCB00FE81AA /* Constants.swift in Sources */,
				343E50FF25FE6FB400354287 /* UIHelper.swift in Sources */,
			);
			runOnlyForDeploymentPostprocessing = 0;
		};
/* End PBXSourcesBuildPhase section */

/* Begin PBXVariantGroup section */
		34669B912521145B007C6AC2 /* Main.storyboard */ = {
			isa = PBXVariantGroup;
			children = (
				34669B922521145B007C6AC2 /* Base */,
			);
			name = Main.storyboard;
			sourceTree = "<group>";
		};
		34669B962521145D007C6AC2 /* LaunchScreen.storyboard */ = {
			isa = PBXVariantGroup;
			children = (
				34669B972521145D007C6AC2 /* Base */,
			);
			name = LaunchScreen.storyboard;
			sourceTree = "<group>";
		};
		34F846302523C5F2009986AE /* Localizable.strings */ = {
			isa = PBXVariantGroup;
			children = (
				34F8462F2523C5F2009986AE /* en */,
			);
			name = Localizable.strings;
			sourceTree = "<group>";
		};
/* End PBXVariantGroup section */

/* Begin XCBuildConfiguration section */
		34669B9A2521145D007C6AC2 /* Debug */ = {
			isa = XCBuildConfiguration;
			buildSettings = {
				ALWAYS_SEARCH_USER_PATHS = NO;
				CLANG_ANALYZER_NONNULL = YES;
				CLANG_ANALYZER_NUMBER_OBJECT_CONVERSION = YES_AGGRESSIVE;
				CLANG_CXX_LANGUAGE_STANDARD = "gnu++14";
				CLANG_CXX_LIBRARY = "libc++";
				CLANG_ENABLE_MODULES = YES;
				CLANG_ENABLE_OBJC_ARC = YES;
				CLANG_ENABLE_OBJC_WEAK = YES;
				CLANG_WARN_BLOCK_CAPTURE_AUTORELEASING = YES;
				CLANG_WARN_BOOL_CONVERSION = YES;
				CLANG_WARN_COMMA = YES;
				CLANG_WARN_CONSTANT_CONVERSION = YES;
				CLANG_WARN_DEPRECATED_OBJC_IMPLEMENTATIONS = YES;
				CLANG_WARN_DIRECT_OBJC_ISA_USAGE = YES_ERROR;
				CLANG_WARN_DOCUMENTATION_COMMENTS = YES;
				CLANG_WARN_EMPTY_BODY = YES;
				CLANG_WARN_ENUM_CONVERSION = YES;
				CLANG_WARN_INFINITE_RECURSION = YES;
				CLANG_WARN_INT_CONVERSION = YES;
				CLANG_WARN_NON_LITERAL_NULL_CONVERSION = YES;
				CLANG_WARN_OBJC_IMPLICIT_RETAIN_SELF = YES;
				CLANG_WARN_OBJC_LITERAL_CONVERSION = YES;
				CLANG_WARN_OBJC_ROOT_CLASS = YES_ERROR;
				CLANG_WARN_RANGE_LOOP_ANALYSIS = YES;
				CLANG_WARN_STRICT_PROTOTYPES = YES;
				CLANG_WARN_SUSPICIOUS_MOVE = YES;
				CLANG_WARN_UNGUARDED_AVAILABILITY = YES_AGGRESSIVE;
				CLANG_WARN_UNREACHABLE_CODE = YES;
				CLANG_WARN__DUPLICATE_METHOD_MATCH = YES;
				COPY_PHASE_STRIP = NO;
				DEBUG_INFORMATION_FORMAT = dwarf;
				ENABLE_STRICT_OBJC_MSGSEND = YES;
				ENABLE_TESTABILITY = YES;
				GCC_C_LANGUAGE_STANDARD = gnu11;
				GCC_DYNAMIC_NO_PIC = NO;
				GCC_NO_COMMON_BLOCKS = YES;
				GCC_OPTIMIZATION_LEVEL = 0;
				GCC_PREPROCESSOR_DEFINITIONS = (
					"DEBUG=1",
					"$(inherited)",
				);
				GCC_WARN_64_TO_32_BIT_CONVERSION = YES;
				GCC_WARN_ABOUT_RETURN_TYPE = YES_ERROR;
				GCC_WARN_UNDECLARED_SELECTOR = YES;
				GCC_WARN_UNINITIALIZED_AUTOS = YES_AGGRESSIVE;
				GCC_WARN_UNUSED_FUNCTION = YES;
				GCC_WARN_UNUSED_VARIABLE = YES;
				IPHONEOS_DEPLOYMENT_TARGET = 13.7;
				MTL_ENABLE_DEBUG_INFO = INCLUDE_SOURCE;
				MTL_FAST_MATH = YES;
				ONLY_ACTIVE_ARCH = YES;
				SDKROOT = iphoneos;
				SWIFT_ACTIVE_COMPILATION_CONDITIONS = DEBUG;
				SWIFT_OPTIMIZATION_LEVEL = "-Onone";
			};
			name = Debug;
		};
		34669B9B2521145D007C6AC2 /* Release */ = {
			isa = XCBuildConfiguration;
			buildSettings = {
				ALWAYS_SEARCH_USER_PATHS = NO;
				CLANG_ANALYZER_NONNULL = YES;
				CLANG_ANALYZER_NUMBER_OBJECT_CONVERSION = YES_AGGRESSIVE;
				CLANG_CXX_LANGUAGE_STANDARD = "gnu++14";
				CLANG_CXX_LIBRARY = "libc++";
				CLANG_ENABLE_MODULES = YES;
				CLANG_ENABLE_OBJC_ARC = YES;
				CLANG_ENABLE_OBJC_WEAK = YES;
				CLANG_WARN_BLOCK_CAPTURE_AUTORELEASING = YES;
				CLANG_WARN_BOOL_CONVERSION = YES;
				CLANG_WARN_COMMA = YES;
				CLANG_WARN_CONSTANT_CONVERSION = YES;
				CLANG_WARN_DEPRECATED_OBJC_IMPLEMENTATIONS = YES;
				CLANG_WARN_DIRECT_OBJC_ISA_USAGE = YES_ERROR;
				CLANG_WARN_DOCUMENTATION_COMMENTS = YES;
				CLANG_WARN_EMPTY_BODY = YES;
				CLANG_WARN_ENUM_CONVERSION = YES;
				CLANG_WARN_INFINITE_RECURSION = YES;
				CLANG_WARN_INT_CONVERSION = YES;
				CLANG_WARN_NON_LITERAL_NULL_CONVERSION = YES;
				CLANG_WARN_OBJC_IMPLICIT_RETAIN_SELF = YES;
				CLANG_WARN_OBJC_LITERAL_CONVERSION = YES;
				CLANG_WARN_OBJC_ROOT_CLASS = YES_ERROR;
				CLANG_WARN_RANGE_LOOP_ANALYSIS = YES;
				CLANG_WARN_STRICT_PROTOTYPES = YES;
				CLANG_WARN_SUSPICIOUS_MOVE = YES;
				CLANG_WARN_UNGUARDED_AVAILABILITY = YES_AGGRESSIVE;
				CLANG_WARN_UNREACHABLE_CODE = YES;
				CLANG_WARN__DUPLICATE_METHOD_MATCH = YES;
				COPY_PHASE_STRIP = NO;
				DEBUG_INFORMATION_FORMAT = "dwarf-with-dsym";
				ENABLE_NS_ASSERTIONS = NO;
				ENABLE_STRICT_OBJC_MSGSEND = YES;
				GCC_C_LANGUAGE_STANDARD = gnu11;
				GCC_NO_COMMON_BLOCKS = YES;
				GCC_WARN_64_TO_32_BIT_CONVERSION = YES;
				GCC_WARN_ABOUT_RETURN_TYPE = YES_ERROR;
				GCC_WARN_UNDECLARED_SELECTOR = YES;
				GCC_WARN_UNINITIALIZED_AUTOS = YES_AGGRESSIVE;
				GCC_WARN_UNUSED_FUNCTION = YES;
				GCC_WARN_UNUSED_VARIABLE = YES;
				IPHONEOS_DEPLOYMENT_TARGET = 13.7;
				MTL_ENABLE_DEBUG_INFO = NO;
				MTL_FAST_MATH = YES;
				SDKROOT = iphoneos;
				SWIFT_COMPILATION_MODE = wholemodule;
				SWIFT_OPTIMIZATION_LEVEL = "-O";
				VALIDATE_PRODUCT = YES;
			};
			name = Release;
		};
		34669B9D2521145D007C6AC2 /* Debug */ = {
			isa = XCBuildConfiguration;
			baseConfigurationReference = 6AFB88A4C80C26EAB8D94849 /* Pods-lyrics_app_ios.debug.xcconfig */;
			buildSettings = {
				ASSETCATALOG_COMPILER_APPICON_NAME = AppIcon;
				CODE_SIGN_STYLE = Automatic;
				DEVELOPMENT_TEAM = 2V7NV8ZJ47;
				FRAMEWORK_SEARCH_PATHS = (
					"$(inherited)",
					"$(PROJECT_DIR)",
				);
				INFOPLIST_FILE = lyrics_app_ios/Info.plist;
				LD_RUNPATH_SEARCH_PATHS = (
					"$(inherited)",
					"@executable_path/Frameworks",
				);
				OTHER_LDFLAGS = "";
				PRODUCT_BUNDLE_IDENTIFIER = "maxlisui.lyrics-app";
				PRODUCT_NAME = lyrics_app;
				SWIFT_OBJC_BRIDGING_HEADER = "";
				SWIFT_VERSION = 5.0;
				TARGETED_DEVICE_FAMILY = "1,2";
			};
			name = Debug;
		};
		34669B9E2521145D007C6AC2 /* Release */ = {
			isa = XCBuildConfiguration;
			baseConfigurationReference = 47C1A68DCB06CA204662CBDD /* Pods-lyrics_app_ios.release.xcconfig */;
			buildSettings = {
				ASSETCATALOG_COMPILER_APPICON_NAME = AppIcon;
				CODE_SIGN_STYLE = Automatic;
				DEVELOPMENT_TEAM = 2V7NV8ZJ47;
				FRAMEWORK_SEARCH_PATHS = (
					"$(inherited)",
					"$(PROJECT_DIR)",
				);
				INFOPLIST_FILE = lyrics_app_ios/Info.plist;
				LD_RUNPATH_SEARCH_PATHS = (
					"$(inherited)",
					"@executable_path/Frameworks",
				);
				OTHER_LDFLAGS = "";
				PRODUCT_BUNDLE_IDENTIFIER = "maxlisui.lyrics-app";
				PRODUCT_NAME = lyrics_app;
				SWIFT_OBJC_BRIDGING_HEADER = "";
				SWIFT_VERSION = 5.0;
				TARGETED_DEVICE_FAMILY = "1,2";
			};
			name = Release;
		};
/* End XCBuildConfiguration section */

/* Begin XCConfigurationList section */
		34669B832521145B007C6AC2 /* Build configuration list for PBXProject "lyrics_app_ios" */ = {
			isa = XCConfigurationList;
			buildConfigurations = (
				34669B9A2521145D007C6AC2 /* Debug */,
				34669B9B2521145D007C6AC2 /* Release */,
			);
			defaultConfigurationIsVisible = 0;
			defaultConfigurationName = Release;
		};
		34669B9C2521145D007C6AC2 /* Build configuration list for PBXNativeTarget "lyrics_app_ios" */ = {
			isa = XCConfigurationList;
			buildConfigurations = (
				34669B9D2521145D007C6AC2 /* Debug */,
				34669B9E2521145D007C6AC2 /* Release */,
			);
			defaultConfigurationIsVisible = 0;
			defaultConfigurationName = Release;
		};
/* End XCConfigurationList section */
	};
	rootObject = 34669B802521145B007C6AC2 /* Project object */;
}
